// !$*UTF8*$!
{
	archiveVersion = 1;
	classes = {
	};
	objectVersion = 56;
	objects = {

/* Begin PBXBuildFile section */
		3658F2CA2949812A00DF3613 /* AppDelegate.swift in Sources */ = {isa = PBXBuildFile; fileRef = 3658F2C92949812A00DF3613 /* AppDelegate.swift */; };
		3658F2CC2949812A00DF3613 /* SceneDelegate.swift in Sources */ = {isa = PBXBuildFile; fileRef = 3658F2CB2949812A00DF3613 /* SceneDelegate.swift */; };
		3658F2CE2949812A00DF3613 /* ViewController.swift in Sources */ = {isa = PBXBuildFile; fileRef = 3658F2CD2949812A00DF3613 /* ViewController.swift */; };
		3658F2D12949812A00DF3613 /* Main.storyboard in Resources */ = {isa = PBXBuildFile; fileRef = 3658F2CF2949812A00DF3613 /* Main.storyboard */; };
		3658F2D62949812B00DF3613 /* Assets.xcassets in Resources */ = {isa = PBXBuildFile; fileRef = 3658F2D52949812B00DF3613 /* Assets.xcassets */; };
		3658F2D92949812B00DF3613 /* LaunchScreen.storyboard in Resources */ = {isa = PBXBuildFile; fileRef = 3658F2D72949812B00DF3613 /* LaunchScreen.storyboard */; };
		36FB1A7B294A99E600643754 /* BMITrackingViewController.swift in Sources */ = {isa = PBXBuildFile; fileRef = 36FB1A7A294A99E600643754 /* BMITrackingViewController.swift */; };
		36FB1A80294A9F3200643754 /* TableViewCell.swift in Sources */ = {isa = PBXBuildFile; fileRef = 36FB1A7E294A9F3200643754 /* TableViewCell.swift */; };
		36FB1A81294A9F3200643754 /* TableViewCell.xib in Resources */ = {isa = PBXBuildFile; fileRef = 36FB1A7F294A9F3200643754 /* TableViewCell.xib */; };
		36FB1A8F294AB5CB00643754 /* BMIRecords.xcdatamodeld in Sources */ = {isa = PBXBuildFile; fileRef = 36FB1A8D294AB5CB00643754 /* BMIRecords.xcdatamodeld */; };
		36FB1A92294AB63A00643754 /* BMIRecords+CoreDataClass.swift in Sources */ = {isa = PBXBuildFile; fileRef = 36FB1A90294AB63A00643754 /* BMIRecords+CoreDataClass.swift */; };
		36FB1A93294AB63A00643754 /* BMIRecords+CoreDataProperties.swift in Sources */ = {isa = PBXBuildFile; fileRef = 36FB1A91294AB63A00643754 /* BMIRecords+CoreDataProperties.swift */; };
/* End PBXBuildFile section */

/* Begin PBXFileReference section */
		3658F2C62949812A00DF3613 /* BMITracking_ParthMaru_FinalTest.app */ = {isa = PBXFileReference; explicitFileType = wrapper.application; includeInIndex = 0; path = BMITracking_ParthMaru_FinalTest.app; sourceTree = BUILT_PRODUCTS_DIR; };
		3658F2C92949812A00DF3613 /* AppDelegate.swift */ = {isa = PBXFileReference; lastKnownFileType = sourcecode.swift; path = AppDelegate.swift; sourceTree = "<group>"; };
		3658F2CB2949812A00DF3613 /* SceneDelegate.swift */ = {isa = PBXFileReference; lastKnownFileType = sourcecode.swift; path = SceneDelegate.swift; sourceTree = "<group>"; };
		3658F2CD2949812A00DF3613 /* ViewController.swift */ = {isa = PBXFileReference; lastKnownFileType = sourcecode.swift; path = ViewController.swift; sourceTree = "<group>"; };
		3658F2D02949812A00DF3613 /* Base */ = {isa = PBXFileReference; lastKnownFileType = file.storyboard; name = Base; path = Base.lproj/Main.storyboard; sourceTree = "<group>"; };
		3658F2D52949812B00DF3613 /* Assets.xcassets */ = {isa = PBXFileReference; lastKnownFileType = folder.assetcatalog; path = Assets.xcassets; sourceTree = "<group>"; };
		3658F2D82949812B00DF3613 /* Base */ = {isa = PBXFileReference; lastKnownFileType = file.storyboard; name = Base; path = Base.lproj/LaunchScreen.storyboard; sourceTree = "<group>"; };
		3658F2DA2949812B00DF3613 /* Info.plist */ = {isa = PBXFileReference; lastKnownFileType = text.plist.xml; path = Info.plist; sourceTree = "<group>"; };
		36FB1A7A294A99E600643754 /* BMITrackingViewController.swift */ = {isa = PBXFileReference; lastKnownFileType = sourcecode.swift; path = BMITrackingViewController.swift; sourceTree = "<group>"; };
		36FB1A7E294A9F3200643754 /* TableViewCell.swift */ = {isa = PBXFileReference; lastKnownFileType = sourcecode.swift; path = TableViewCell.swift; sourceTree = "<group>"; };
		36FB1A7F294A9F3200643754 /* TableViewCell.xib */ = {isa = PBXFileReference; lastKnownFileType = file.xib; path = TableViewCell.xib; sourceTree = "<group>"; };
		36FB1A8E294AB5CB00643754 /* BMIRecords.xcdatamodel */ = {isa = PBXFileReference; lastKnownFileType = wrapper.xcdatamodel; path = BMIRecords.xcdatamodel; sourceTree = "<group>"; };
		36FB1A90294AB63A00643754 /* BMIRecords+CoreDataClass.swift */ = {isa = PBXFileReference; lastKnownFileType = sourcecode.swift; path = "BMIRecords+CoreDataClass.swift"; sourceTree = "<group>"; };
		36FB1A91294AB63A00643754 /* BMIRecords+CoreDataProperties.swift */ = {isa = PBXFileReference; lastKnownFileType = sourcecode.swift; path = "BMIRecords+CoreDataProperties.swift"; sourceTree = "<group>"; };
/* End PBXFileReference section */

/* Begin PBXFrameworksBuildPhase section */
		3658F2C32949812A00DF3613 /* Frameworks */ = {
			isa = PBXFrameworksBuildPhase;
			buildActionMask = 2147483647;
			files = (
			);
			runOnlyForDeploymentPostprocessing = 0;
		};
/* End PBXFrameworksBuildPhase section */

/* Begin PBXGroup section */
		3658F2BD2949812A00DF3613 = {
			isa = PBXGroup;
			children = (
				36FB1A90294AB63A00643754 /* BMIRecords+CoreDataClass.swift */,
				36FB1A91294AB63A00643754 /* BMIRecords+CoreDataProperties.swift */,
				3658F2C82949812A00DF3613 /* BMITracking_ParthMaru_FinalTest */,
				3658F2C72949812A00DF3613 /* Products */,
			);
			sourceTree = "<group>";
		};
		3658F2C72949812A00DF3613 /* Products */ = {
			isa = PBXGroup;
			children = (
				3658F2C62949812A00DF3613 /* BMITracking_ParthMaru_FinalTest.app */,
			);
			name = Products;
			sourceTree = "<group>";
		};
		3658F2C82949812A00DF3613 /* BMITracking_ParthMaru_FinalTest */ = {
			isa = PBXGroup;
			children = (
				3658F2C92949812A00DF3613 /* AppDelegate.swift */,
				3658F2CB2949812A00DF3613 /* SceneDelegate.swift */,
				3658F2CD2949812A00DF3613 /* ViewController.swift */,
				36FB1A7A294A99E600643754 /* BMITrackingViewController.swift */,
				3658F2CF2949812A00DF3613 /* Main.storyboard */,
				3658F2D52949812B00DF3613 /* Assets.xcassets */,
				3658F2D72949812B00DF3613 /* LaunchScreen.storyboard */,
				3658F2DA2949812B00DF3613 /* Info.plist */,
				36FB1A7E294A9F3200643754 /* TableViewCell.swift */,
				36FB1A7F294A9F3200643754 /* TableViewCell.xib */,
				36FB1A8D294AB5CB00643754 /* BMIRecords.xcdatamodeld */,
			);
			path = BMITracking_ParthMaru_FinalTest;
			sourceTree = "<group>";
		};
/* End PBXGroup section */

/* Begin PBXNativeTarget section */
		3658F2C52949812A00DF3613 /* BMITracking_ParthMaru_FinalTest */ = {
			isa = PBXNativeTarget;
			buildConfigurationList = 3658F2DD2949812B00DF3613 /* Build configuration list for PBXNativeTarget "BMITracking_ParthMaru_FinalTest" */;
			buildPhases = (
				3658F2C22949812A00DF3613 /* Sources */,
				3658F2C32949812A00DF3613 /* Frameworks */,
				3658F2C42949812A00DF3613 /* Resources */,
			);
			buildRules = (
			);
			dependencies = (
			);
			name = BMITracking_ParthMaru_FinalTest;
			productName = BMITracking_ParthMaru_FinalTest;
			productReference = 3658F2C62949812A00DF3613 /* BMITracking_ParthMaru_FinalTest.app */;
			productType = "com.apple.product-type.application";
		};
/* End PBXNativeTarget section */

/* Begin PBXProject section */
		3658F2BE2949812A00DF3613 /* Project object */ = {
			isa = PBXProject;
			attributes = {
				BuildIndependentTargetsInParallel = 1;
				LastSwiftUpdateCheck = 1410;
				LastUpgradeCheck = 1410;
				TargetAttributes = {
					3658F2C52949812A00DF3613 = {
						CreatedOnToolsVersion = 14.1;
					};
				};
			};
			buildConfigurationList = 3658F2C12949812A00DF3613 /* Build configuration list for PBXProject "BMITracking_ParthMaru_FinalTest" */;
			compatibilityVersion = "Xcode 14.0";
			developmentRegion = en;
			hasScannedForEncodings = 0;
			knownRegions = (
				en,
				Base,
			);
			mainGroup = 3658F2BD2949812A00DF3613;
			productRefGroup = 3658F2C72949812A00DF3613 /* Products */;
			projectDirPath = "";
			projectRoot = "";
			targets = (
				3658F2C52949812A00DF3613 /* BMITracking_ParthMaru_FinalTest */,
			);
		};
/* End PBXProject section */

/* Begin PBXResourcesBuildPhase section */
		3658F2C42949812A00DF3613 /* Resources */ = {
			isa = PBXResourcesBuildPhase;
			buildActionMask = 2147483647;
			files = (
				3658F2D92949812B00DF3613 /* LaunchScreen.storyboard in Resources */,
				36FB1A81294A9F3200643754 /* TableViewCell.xib in Resources */,
				3658F2D62949812B00DF3613 /* Assets.xcassets in Resources */,
				3658F2D12949812A00DF3613 /* Main.storyboard in Resources */,
			);
			runOnlyForDeploymentPostprocessing = 0;
		};
/* End PBXResourcesBuildPhase section */

/* Begin PBXSourcesBuildPhase section */
		3658F2C22949812A00DF3613 /* Sources */ = {
			isa = PBXSourcesBuildPhase;
			buildActionMask = 2147483647;
			files = (
				3658F2CE2949812A00DF3613 /* ViewController.swift in Sources */,
				3658F2CA2949812A00DF3613 /* AppDelegate.swift in Sources */,
				36FB1A92294AB63A00643754 /* BMIRecords+CoreDataClass.swift in Sources */,
				36FB1A93294AB63A00643754 /* BMIRecords+CoreDataProperties.swift in Sources */,
				3658F2CC2949812A00DF3613 /* SceneDelegate.swift in Sources */,
				36FB1A7B294A99E600643754 /* BMITrackingViewController.swift in Sources */,
				36FB1A80294A9F3200643754 /* TableViewCell.swift in Sources */,
				36FB1A8F294AB5CB00643754 /* BMIRecords.xcdatamodeld in Sources */,
			);
			runOnlyForDeploymentPostprocessing = 0;
		};
/* End PBXSourcesBuildPhase section */

/* Begin PBXVariantGroup section */
		3658F2CF2949812A00DF3613 /* Main.storyboard */ = {
			isa = PBXVariantGroup;
			children = (
				3658F2D02949812A00DF3613 /* Base */,
			);
			name = Main.storyboard;
			sourceTree = "<group>";
		};
		3658F2D72949812B00DF3613 /* LaunchScreen.storyboard */ = {
			isa = PBXVariantGroup;
			children = (
				3658F2D82949812B00DF3613 /* Base */,
			);
			name = LaunchScreen.storyboard;
			sourceTree = "<group>";
		};
/* End PBXVariantGroup section */

/* Begin XCBuildConfiguration section */
		3658F2DB2949812B00DF3613 /* Debug */ = {
			isa = XCBuildConfiguration;
			buildSettings = {
				ALWAYS_SEARCH_USER_PATHS = NO;
				CLANG_ANALYZER_NONNULL = YES;
				CLANG_ANALYZER_NUMBER_OBJECT_CONVERSION = YES_AGGRESSIVE;
				CLANG_CXX_LANGUAGE_STANDARD = "gnu++20";
				CLANG_ENABLE_MODULES = YES;
				CLANG_ENABLE_OBJC_ARC = YES;
				CLANG_ENABLE_OBJC_WEAK = YES;
				CLANG_WARN_BLOCK_CAPTURE_AUTORELEASING = YES;
				CLANG_WARN_BOOL_CONVERSION = YES;
				CLANG_WARN_COMMA = YES;
				CLANG_WARN_CONSTANT_CONVERSION = YES;
				CLANG_WARN_DEPRECATED_OBJC_IMPLEMENTATIONS = YES;
				CLANG_WARN_DIRECT_OBJC_ISA_USAGE = YES_ERROR;
				CLANG_WARN_DOCUMENTATION_COMMENTS = YES;
				CLANG_WARN_EMPTY_BODY = YES;
				CLANG_WARN_ENUM_CONVERSION = YES;
				CLANG_WARN_INFINITE_RECURSION = YES;
				CLANG_WARN_INT_CONVERSION = YES;
				CLANG_WARN_NON_LITERAL_NULL_CONVERSION = YES;
				CLANG_WARN_OBJC_IMPLICIT_RETAIN_SELF = YES;
				CLANG_WARN_OBJC_LITERAL_CONVERSION = YES;
				CLANG_WARN_OBJC_ROOT_CLASS = YES_ERROR;
				CLANG_WARN_QUOTED_INCLUDE_IN_FRAMEWORK_HEADER = YES;
				CLANG_WARN_RANGE_LOOP_ANALYSIS = YES;
				CLANG_WARN_STRICT_PROTOTYPES = YES;
				CLANG_WARN_SUSPICIOUS_MOVE = YES;
				CLANG_WARN_UNGUARDED_AVAILABILITY = YES_AGGRESSIVE;
				CLANG_WARN_UNREACHABLE_CODE = YES;
				CLANG_WARN__DUPLICATE_METHOD_MATCH = YES;
				COPY_PHASE_STRIP = NO;
				DEBUG_INFORMATION_FORMAT = dwarf;
				ENABLE_STRICT_OBJC_MSGSEND = YES;
				ENABLE_TESTABILITY = YES;
				GCC_C_LANGUAGE_STANDARD = gnu11;
				GCC_DYNAMIC_NO_PIC = NO;
				GCC_NO_COMMON_BLOCKS = YES;
				GCC_OPTIMIZATION_LEVEL = 0;
				GCC_PREPROCESSOR_DEFINITIONS = (
					"DEBUG=1",
					"$(inherited)",
				);
				GCC_WARN_64_TO_32_BIT_CONVERSION = YES;
				GCC_WARN_ABOUT_RETURN_TYPE = YES_ERROR;
				GCC_WARN_UNDECLARED_SELECTOR = YES;
				GCC_WARN_UNINITIALIZED_AUTOS = YES_AGGRESSIVE;
				GCC_WARN_UNUSED_FUNCTION = YES;
				GCC_WARN_UNUSED_VARIABLE = YES;
				IPHONEOS_DEPLOYMENT_TARGET = 16.1;
				MTL_ENABLE_DEBUG_INFO = INCLUDE_SOURCE;
				MTL_FAST_MATH = YES;
				ONLY_ACTIVE_ARCH = YES;
				SDKROOT = iphoneos;
				SWIFT_ACTIVE_COMPILATION_CONDITIONS = DEBUG;
				SWIFT_OPTIMIZATION_LEVEL = "-Onone";
			};
			name = Debug;
		};
		3658F2DC2949812B00DF3613 /* Release */ = {
			isa = XCBuildConfiguration;
			buildSettings = {
				ALWAYS_SEARCH_USER_PATHS = NO;
				CLANG_ANALYZER_NONNULL = YES;
				CLANG_ANALYZER_NUMBER_OBJECT_CONVERSION = YES_AGGRESSIVE;
				CLANG_CXX_LANGUAGE_STANDARD = "gnu++20";
				CLANG_ENABLE_MODULES = YES;
				CLANG_ENABLE_OBJC_ARC = YES;
				CLANG_ENABLE_OBJC_WEAK = YES;
				CLANG_WARN_BLOCK_CAPTURE_AUTORELEASING = YES;
				CLANG_WARN_BOOL_CONVERSION = YES;
				CLANG_WARN_COMMA = YES;
				CLANG_WARN_CONSTANT_CONVERSION = YES;
				CLANG_WARN_DEPRECATED_OBJC_IMPLEMENTATIONS = YES;
				CLANG_WARN_DIRECT_OBJC_ISA_USAGE = YES_ERROR;
				CLANG_WARN_DOCUMENTATION_COMMENTS = YES;
				CLANG_WARN_EMPTY_BODY = YES;
				CLANG_WARN_ENUM_CONVERSION = YES;
				CLANG_WARN_INFINITE_RECURSION = YES;
				CLANG_WARN_INT_CONVERSION = YES;
				CLANG_WARN_NON_LITERAL_NULL_CONVERSION = YES;
				CLANG_WARN_OBJC_IMPLICIT_RETAIN_SELF = YES;
				CLANG_WARN_OBJC_LITERAL_CONVERSION = YES;
				CLANG_WARN_OBJC_ROOT_CLASS = YES_ERROR;
				CLANG_WARN_QUOTED_INCLUDE_IN_FRAMEWORK_HEADER = YES;
				CLANG_WARN_RANGE_LOOP_ANALYSIS = YES;
				CLANG_WARN_STRICT_PROTOTYPES = YES;
				CLANG_WARN_SUSPICIOUS_MOVE = YES;
				CLANG_WARN_UNGUARDED_AVAILABILITY = YES_AGGRESSIVE;
				CLANG_WARN_UNREACHABLE_CODE = YES;
				CLANG_WARN__DUPLICATE_METHOD_MATCH = YES;
				COPY_PHASE_STRIP = NO;
				DEBUG_INFORMATION_FORMAT = "dwarf-with-dsym";
				ENABLE_NS_ASSERTIONS = NO;
				ENABLE_STRICT_OBJC_MSGSEND = YES;
				GCC_C_LANGUAGE_STANDARD = gnu11;
				GCC_NO_COMMON_BLOCKS = YES;
				GCC_WARN_64_TO_32_BIT_CONVERSION = YES;
				GCC_WARN_ABOUT_RETURN_TYPE = YES_ERROR;
				GCC_WARN_UNDECLARED_SELECTOR = YES;
				GCC_WARN_UNINITIALIZED_AUTOS = YES_AGGRESSIVE;
				GCC_WARN_UNUSED_FUNCTION = YES;
				GCC_WARN_UNUSED_VARIABLE = YES;
				IPHONEOS_DEPLOYMENT_TARGET = 16.1;
				MTL_ENABLE_DEBUG_INFO = NO;
				MTL_FAST_MATH = YES;
				SDKROOT = iphoneos;
				SWIFT_COMPILATION_MODE = wholemodule;
				SWIFT_OPTIMIZATION_LEVEL = "-O";
				VALIDATE_PRODUCT = YES;
			};
			name = Release;
		};
		3658F2DE2949812B00DF3613 /* Debug */ = {
			isa = XCBuildConfiguration;
			buildSettings = {
				ASSETCATALOG_COMPILER_APPICON_NAME = AppIcon;
				ASSETCATALOG_COMPILER_GLOBAL_ACCENT_COLOR_NAME = AccentColor;
				CODE_SIGN_STYLE = Automatic;
				CURRENT_PROJECT_VERSION = 1;
				DEVELOPMENT_TEAM = 7RFTS9DXCB;
				GENERATE_INFOPLIST_FILE = YES;
				INFOPLIST_FILE = BMITracking_ParthMaru_FinalTest/Info.plist;
				INFOPLIST_KEY_UIApplicationSupportsIndirectInputEvents = YES;
				INFOPLIST_KEY_UILaunchStoryboardName = LaunchScreen;
				INFOPLIST_KEY_UIMainStoryboardFile = Main;
				INFOPLIST_KEY_UISupportedInterfaceOrientations_iPad = "UIInterfaceOrientationPortrait UIInterfaceOrientationPortraitUpsideDown UIInterfaceOrientationLandscapeLeft UIInterfaceOrientationLandscapeRight";
				INFOPLIST_KEY_UISupportedInterfaceOrientations_iPhone = "UIInterfaceOrientationPortrait UIInterfaceOrientationLandscapeLeft UIInterfaceOrientationLandscapeRight";
				LD_RUNPATH_SEARCH_PATHS = (
					"$(inherited)",
					"@executable_path/Frameworks",
				);
				MARKETING_VERSION = 1.0;
				PRODUCT_BUNDLE_IDENTIFIER = "centennialcollege.BMITracking-ParthMaru-FinalTest";
				PRODUCT_NAME = "$(TARGET_NAME)";
				SWIFT_EMIT_LOC_STRINGS = YES;
				SWIFT_VERSION = 5.0;
				TARGETED_DEVICE_FAMILY = "1,2";
			};
			name = Debug;
		};
		3658F2DF2949812B00DF3613 /* Release */ = {
			isa = XCBuildConfiguration;
			buildSettings = {
				ASSETCATALOG_COMPILER_APPICON_NAME = AppIcon;
				ASSETCATALOG_COMPILER_GLOBAL_ACCENT_COLOR_NAME = AccentColor;
				CODE_SIGN_STYLE = Automatic;
				CURRENT_PROJECT_VERSION = 1;
				DEVELOPMENT_TEAM = 7RFTS9DXCB;
				GENERATE_INFOPLIST_FILE = YES;
				INFOPLIST_FILE = BMITracking_ParthMaru_FinalTest/Info.plist;
				INFOPLIST_KEY_UIApplicationSupportsIndirectInputEvents = YES;
				INFOPLIST_KEY_UILaunchStoryboardName = LaunchScreen;
				INFOPLIST_KEY_UIMainStoryboardFile = Main;
				INFOPLIST_KEY_UISupportedInterfaceOrientations_iPad = "UIInterfaceOrientationPortrait UIInterfaceOrientationPortraitUpsideDown UIInterfaceOrientationLandscapeLeft UIInterfaceOrientationLandscapeRight";
				INFOPLIST_KEY_UISupportedInterfaceOrientations_iPhone = "UIInterfaceOrientationPortrait UIInterfaceOrientationLandscapeLeft UIInterfaceOrientationLandscapeRight";
				LD_RUNPATH_SEARCH_PATHS = (
					"$(inherited)",
					"@executable_path/Frameworks",
				);
				MARKETING_VERSION = 1.0;
				PRODUCT_BUNDLE_IDENTIFIER = "centennialcollege.BMITracking-ParthMaru-FinalTest";
				PRODUCT_NAME = "$(TARGET_NAME)";
				SWIFT_EMIT_LOC_STRINGS = YES;
				SWIFT_VERSION = 5.0;
				TARGETED_DEVICE_FAMILY = "1,2";
			};
			name = Release;
		};
/* End XCBuildConfiguration section */

/* Begin XCConfigurationList section */
		3658F2C12949812A00DF3613 /* Build configuration list for PBXProject "BMITracking_ParthMaru_FinalTest" */ = {
			isa = XCConfigurationList;
			buildConfigurations = (
				3658F2DB2949812B00DF3613 /* Debug */,
				3658F2DC2949812B00DF3613 /* Release */,
			);
			defaultConfigurationIsVisible = 0;
			defaultConfigurationName = Release;
		};
		3658F2DD2949812B00DF3613 /* Build configuration list for PBXNativeTarget "BMITracking_ParthMaru_FinalTest" */ = {
			isa = XCConfigurationList;
			buildConfigurations = (
				3658F2DE2949812B00DF3613 /* Debug */,
				3658F2DF2949812B00DF3613 /* Release */,
			);
			defaultConfigurationIsVisible = 0;
			defaultConfigurationName = Release;
		};
/* End XCConfigurationList section */

/* Begin XCVersionGroup section */
		36FB1A8D294AB5CB00643754 /* BMIRecords.xcdatamodeld */ = {
			isa = XCVersionGroup;
			children = (
				36FB1A8E294AB5CB00643754 /* BMIRecords.xcdatamodel */,
			);
			currentVersion = 36FB1A8E294AB5CB00643754 /* BMIRecords.xcdatamodel */;
			path = BMIRecords.xcdatamodeld;
			sourceTree = "<group>";
			versionGroupType = wrapper.xcdatamodel;
		};
/* End XCVersionGroup section */
	};
	rootObject = 3658F2BE2949812A00DF3613 /* Project object */;
}
